// !$*UTF8*$!
{
	archiveVersion = 1;
	classes = {
	};
	objectVersion = 46;
	objects = {

/* Begin PBXBuildFile section */
		E439F2731BB8DFF0003904B9 /* main.m in Sources */ = {isa = PBXBuildFile; fileRef = E439F2721BB8DFF0003904B9 /* main.m */; };
		E439F2761BB8DFF0003904B9 /* AppDelegate.m in Sources */ = {isa = PBXBuildFile; fileRef = E439F2751BB8DFF0003904B9 /* AppDelegate.m */; };
		E439F2791BB8DFF0003904B9 /* ViewController.m in Sources */ = {isa = PBXBuildFile; fileRef = E439F2781BB8DFF0003904B9 /* ViewController.m */; };
		E439F27E1BB8DFF0003904B9 /* Assets.xcassets in Resources */ = {isa = PBXBuildFile; fileRef = E439F27D1BB8DFF0003904B9 /* Assets.xcassets */; };
		E439F28C1BB8DFF1003904B9 /* akenc_ios_learn_01Tests.m in Sources */ = {isa = PBXBuildFile; fileRef = E439F28B1BB8DFF1003904B9 /* akenc_ios_learn_01Tests.m */; };
		E439F2971BB8DFF1003904B9 /* akenc_ios_learn_01UITests.m in Sources */ = {isa = PBXBuildFile; fileRef = E439F2961BB8DFF1003904B9 /* akenc_ios_learn_01UITests.m */; };
/* End PBXBuildFile section */

/* Begin PBXContainerItemProxy section */
		E439F2881BB8DFF1003904B9 /* PBXContainerItemProxy */ = {
			isa = PBXContainerItemProxy;
			containerPortal = E439F2661BB8DFF0003904B9 /* Project object */;
			proxyType = 1;
			remoteGlobalIDString = E439F26D1BB8DFF0003904B9;
			remoteInfo = akenc_ios_learn_01;
		};
		E439F2931BB8DFF1003904B9 /* PBXContainerItemProxy */ = {
			isa = PBXContainerItemProxy;
			containerPortal = E439F2661BB8DFF0003904B9 /* Project object */;
			proxyType = 1;
			remoteGlobalIDString = E439F26D1BB8DFF0003904B9;
			remoteInfo = akenc_ios_learn_01;
		};
/* End PBXContainerItemProxy section */

/* Begin PBXFileReference section */
		E439F26E1BB8DFF0003904B9 /* akenc_ios_learn_01.app */ = {isa = PBXFileReference; explicitFileType = wrapper.application; includeInIndex = 0; path = akenc_ios_learn_01.app; sourceTree = BUILT_PRODUCTS_DIR; };
		E439F2721BB8DFF0003904B9 /* main.m */ = {isa = PBXFileReference; lastKnownFileType = sourcecode.c.objc; path = main.m; sourceTree = "<group>"; };
		E439F2741BB8DFF0003904B9 /* AppDelegate.h */ = {isa = PBXFileReference; lastKnownFileType = sourcecode.c.h; path = AppDelegate.h; sourceTree = "<group>"; };
		E439F2751BB8DFF0003904B9 /* AppDelegate.m */ = {isa = PBXFileReference; lastKnownFileType = sourcecode.c.objc; path = AppDelegate.m; sourceTree = "<group>"; };
		E439F2771BB8DFF0003904B9 /* ViewController.h */ = {isa = PBXFileReference; lastKnownFileType = sourcecode.c.h; path = ViewController.h; sourceTree = "<group>"; };
		E439F2781BB8DFF0003904B9 /* ViewController.m */ = {isa = PBXFileReference; lastKnownFileType = sourcecode.c.objc; path = ViewController.m; sourceTree = "<group>"; };
		E439F27D1BB8DFF0003904B9 /* Assets.xcassets */ = {isa = PBXFileReference; lastKnownFileType = folder.assetcatalog; path = Assets.xcassets; sourceTree = "<group>"; };
		E439F2821BB8DFF0003904B9 /* Info.plist */ = {isa = PBXFileReference; lastKnownFileType = text.plist.xml; path = Info.plist; sourceTree = "<group>"; };
		E439F2871BB8DFF1003904B9 /* akenc_ios_learn_01Tests.xctest */ = {isa = PBXFileReference; explicitFileType = wrapper.cfbundle; includeInIndex = 0; path = akenc_ios_learn_01Tests.xctest; sourceTree = BUILT_PRODUCTS_DIR; };
		E439F28B1BB8DFF1003904B9 /* akenc_ios_learn_01Tests.m */ = {isa = PBXFileReference; lastKnownFileType = sourcecode.c.objc; path = akenc_ios_learn_01Tests.m; sourceTree = "<group>"; };
		E439F28D1BB8DFF1003904B9 /* Info.plist */ = {isa = PBXFileReference; lastKnownFileType = text.plist.xml; path = Info.plist; sourceTree = "<group>"; };
		E439F2921BB8DFF1003904B9 /* akenc_ios_learn_01UITests.xctest */ = {isa = PBXFileReference; explicitFileType = wrapper.cfbundle; includeInIndex = 0; path = akenc_ios_learn_01UITests.xctest; sourceTree = BUILT_PRODUCTS_DIR; };
		E439F2961BB8DFF1003904B9 /* akenc_ios_learn_01UITests.m */ = {isa = PBXFileReference; lastKnownFileType = sourcecode.c.objc; path = akenc_ios_learn_01UITests.m; sourceTree = "<group>"; };
		E439F2981BB8DFF1003904B9 /* Info.plist */ = {isa = PBXFileReference; lastKnownFileType = text.plist.xml; path = Info.plist; sourceTree = "<group>"; };
/* End PBXFileReference section */

/* Begin PBXFrameworksBuildPhase section */
		E439F26B1BB8DFF0003904B9 /* Frameworks */ = {
			isa = PBXFrameworksBuildPhase;
			buildActionMask = 2147483647;
			files = (
			);
			runOnlyForDeploymentPostprocessing = 0;
		};
		E439F2841BB8DFF1003904B9 /* Frameworks */ = {
			isa = PBXFrameworksBuildPhase;
			buildActionMask = 2147483647;
			files = (
			);
			runOnlyForDeploymentPostprocessing = 0;
		};
		E439F28F1BB8DFF1003904B9 /* Frameworks */ = {
			isa = PBXFrameworksBuildPhase;
			buildActionMask = 2147483647;
			files = (
			);
			runOnlyForDeploymentPostprocessing = 0;
		};
/* End PBXFrameworksBuildPhase section */

/* Begin PBXGroup section */
		E439F2651BB8DFF0003904B9 = {
			isa = PBXGroup;
			children = (
				E439F2701BB8DFF0003904B9 /* akenc_ios_learn_01 */,
				E439F28A1BB8DFF1003904B9 /* akenc_ios_learn_01Tests */,
				E439F2951BB8DFF1003904B9 /* akenc_ios_learn_01UITests */,
				E439F26F1BB8DFF0003904B9 /* Products */,
			);
			sourceTree = "<group>";
		};
		E439F26F1BB8DFF0003904B9 /* Products */ = {
			isa = PBXGroup;
			children = (
				E439F26E1BB8DFF0003904B9 /* akenc_ios_learn_01.app */,
				E439F2871BB8DFF1003904B9 /* akenc_ios_learn_01Tests.xctest */,
				E439F2921BB8DFF1003904B9 /* akenc_ios_learn_01UITests.xctest */,
			);
			name = Products;
			sourceTree = "<group>";
		};
		E439F2701BB8DFF0003904B9 /* akenc_ios_learn_01 */ = {
			isa = PBXGroup;
			children = (
				E439F2741BB8DFF0003904B9 /* AppDelegate.h */,
				E439F2751BB8DFF0003904B9 /* AppDelegate.m */,
				E439F2771BB8DFF0003904B9 /* ViewController.h */,
				E439F2781BB8DFF0003904B9 /* ViewController.m */,
				E439F27D1BB8DFF0003904B9 /* Assets.xcassets */,
				E439F2821BB8DFF0003904B9 /* Info.plist */,
				E439F2711BB8DFF0003904B9 /* Supporting Files */,
			);
			path = akenc_ios_learn_01;
			sourceTree = "<group>";
		};
		E439F2711BB8DFF0003904B9 /* Supporting Files */ = {
			isa = PBXGroup;
			children = (
				E439F2721BB8DFF0003904B9 /* main.m */,
			);
			name = "Supporting Files";
			sourceTree = "<group>";
		};
		E439F28A1BB8DFF1003904B9 /* akenc_ios_learn_01Tests */ = {
			isa = PBXGroup;
			children = (
				E439F28B1BB8DFF1003904B9 /* akenc_ios_learn_01Tests.m */,
				E439F28D1BB8DFF1003904B9 /* Info.plist */,
			);
			path = akenc_ios_learn_01Tests;
			sourceTree = "<group>";
		};
		E439F2951BB8DFF1003904B9 /* akenc_ios_learn_01UITests */ = {
			isa = PBXGroup;
			children = (
				E439F2961BB8DFF1003904B9 /* akenc_ios_learn_01UITests.m */,
				E439F2981BB8DFF1003904B9 /* Info.plist */,
			);
			path = akenc_ios_learn_01UITests;
			sourceTree = "<group>";
		};
/* End PBXGroup section */

/* Begin PBXNativeTarget section */
		E439F26D1BB8DFF0003904B9 /* akenc_ios_learn_01 */ = {
			isa = PBXNativeTarget;
			buildConfigurationList = E439F29B1BB8DFF1003904B9 /* Build configuration list for PBXNativeTarget "akenc_ios_learn_01" */;
			buildPhases = (
				E439F26A1BB8DFF0003904B9 /* Sources */,
				E439F26B1BB8DFF0003904B9 /* Frameworks */,
				E439F26C1BB8DFF0003904B9 /* Resources */,
			);
			buildRules = (
			);
			dependencies = (
			);
			name = akenc_ios_learn_01;
			productName = akenc_ios_learn_01;
			productReference = E439F26E1BB8DFF0003904B9 /* akenc_ios_learn_01.app */;
			productType = "com.apple.product-type.application";
		};
		E439F2861BB8DFF1003904B9 /* akenc_ios_learn_01Tests */ = {
			isa = PBXNativeTarget;
			buildConfigurationList = E439F29E1BB8DFF1003904B9 /* Build configuration list for PBXNativeTarget "akenc_ios_learn_01Tests" */;
			buildPhases = (
				E439F2831BB8DFF1003904B9 /* Sources */,
				E439F2841BB8DFF1003904B9 /* Frameworks */,
				E439F2851BB8DFF1003904B9 /* Resources */,
			);
			buildRules = (
			);
			dependencies = (
				E439F2891BB8DFF1003904B9 /* PBXTargetDependency */,
			);
			name = akenc_ios_learn_01Tests;
			productName = akenc_ios_learn_01Tests;
			productReference = E439F2871BB8DFF1003904B9 /* akenc_ios_learn_01Tests.xctest */;
			productType = "com.apple.product-type.bundle.unit-test";
		};
		E439F2911BB8DFF1003904B9 /* akenc_ios_learn_01UITests */ = {
			isa = PBXNativeTarget;
			buildConfigurationList = E439F2A11BB8DFF1003904B9 /* Build configuration list for PBXNativeTarget "akenc_ios_learn_01UITests" */;
			buildPhases = (
				E439F28E1BB8DFF1003904B9 /* Sources */,
				E439F28F1BB8DFF1003904B9 /* Frameworks */,
				E439F2901BB8DFF1003904B9 /* Resources */,
			);
			buildRules = (
			);
			dependencies = (
				E439F2941BB8DFF1003904B9 /* PBXTargetDependency */,
			);
			name = akenc_ios_learn_01UITests;
			productName = akenc_ios_learn_01UITests;
			productReference = E439F2921BB8DFF1003904B9 /* akenc_ios_learn_01UITests.xctest */;
			productType = "com.apple.product-type.bundle.ui-testing";
		};
/* End PBXNativeTarget section */

/* Begin PBXProject section */
		E439F2661BB8DFF0003904B9 /* Project object */ = {
			isa = PBXProject;
			attributes = {
				LastUpgradeCheck = 0700;
				ORGANIZATIONNAME = akenc;
				TargetAttributes = {
					E439F26D1BB8DFF0003904B9 = {
						CreatedOnToolsVersion = 7.0;
					};
					E439F2861BB8DFF1003904B9 = {
						CreatedOnToolsVersion = 7.0;
						TestTargetID = E439F26D1BB8DFF0003904B9;
					};
					E439F2911BB8DFF1003904B9 = {
						CreatedOnToolsVersion = 7.0;
						TestTargetID = E439F26D1BB8DFF0003904B9;
					};
				};
			};
			buildConfigurationList = E439F2691BB8DFF0003904B9 /* Build configuration list for PBXProject "akenc_ios_learn_01" */;
			compatibilityVersion = "Xcode 3.2";
			developmentRegion = English;
			hasScannedForEncodings = 0;
			knownRegions = (
				en,
				Base,
			);
			mainGroup = E439F2651BB8DFF0003904B9;
			productRefGroup = E439F26F1BB8DFF0003904B9 /* Products */;
			projectDirPath = "";
			projectRoot = "";
			targets = (
				E439F26D1BB8DFF0003904B9 /* akenc_ios_learn_01 */,
				E439F2861BB8DFF1003904B9 /* akenc_ios_learn_01Tests */,
				E439F2911BB8DFF1003904B9 /* akenc_ios_learn_01UITests */,
			);
		};
/* End PBXProject section */

/* Begin PBXResourcesBuildPhase section */
		E439F26C1BB8DFF0003904B9 /* Resources */ = {
			isa = PBXResourcesBuildPhase;
			buildActionMask = 2147483647;
			files = (
				E439F27E1BB8DFF0003904B9 /* Assets.xcassets in Resources */,
			);
			runOnlyForDeploymentPostprocessing = 0;
		};
		E439F2851BB8DFF1003904B9 /* Resources */ = {
			isa = PBXResourcesBuildPhase;
			buildActionMask = 2147483647;
			files = (
			);
			runOnlyForDeploymentPostprocessing = 0;
		};
		E439F2901BB8DFF1003904B9 /* Resources */ = {
			isa = PBXResourcesBuildPhase;
			buildActionMask = 2147483647;
			files = (
			);
			runOnlyForDeploymentPostprocessing = 0;
		};
/* End PBXResourcesBuildPhase section */

/* Begin PBXSourcesBuildPhase section */
		E439F26A1BB8DFF0003904B9 /* Sources */ = {
			isa = PBXSourcesBuildPhase;
			buildActionMask = 2147483647;
			files = (
				E439F2791BB8DFF0003904B9 /* ViewController.m in Sources */,
				E439F2761BB8DFF0003904B9 /* AppDelegate.m in Sources */,
				E439F2731BB8DFF0003904B9 /* main.m in Sources */,
			);
			runOnlyForDeploymentPostprocessing = 0;
		};
		E439F2831BB8DFF1003904B9 /* Sources */ = {
			isa = PBXSourcesBuildPhase;
			buildActionMask = 2147483647;
			files = (
				E439F28C1BB8DFF1003904B9 /* akenc_ios_learn_01Tests.m in Sources */,
			);
			runOnlyForDeploymentPostprocessing = 0;
		};
		E439F28E1BB8DFF1003904B9 /* Sources */ = {
			isa = PBXSourcesBuildPhase;
			buildActionMask = 2147483647;
			files = (
				E439F2971BB8DFF1003904B9 /* akenc_ios_learn_01UITests.m in Sources */,
			);
			runOnlyForDeploymentPostprocessing = 0;
		};
/* End PBXSourcesBuildPhase section */

/* Begin PBXTargetDependency section */
		E439F2891BB8DFF1003904B9 /* PBXTargetDependency */ = {
			isa = PBXTargetDependency;
			target = E439F26D1BB8DFF0003904B9 /* akenc_ios_learn_01 */;
			targetProxy = E439F2881BB8DFF1003904B9 /* PBXContainerItemProxy */;
		};
		E439F2941BB8DFF1003904B9 /* PBXTargetDependency */ = {
			isa = PBXTargetDependency;
			target = E439F26D1BB8DFF0003904B9 /* akenc_ios_learn_01 */;
			targetProxy = E439F2931BB8DFF1003904B9 /* PBXContainerItemProxy */;
		};
/* End PBXTargetDependency section */

/* Begin XCBuildConfiguration section */
		E439F2991BB8DFF1003904B9 /* Debug */ = {
			isa = XCBuildConfiguration;
			buildSettings = {
				ALWAYS_SEARCH_USER_PATHS = NO;
				CLANG_CXX_LANGUAGE_STANDARD = "gnu++0x";
				CLANG_CXX_LIBRARY = "libc++";
				CLANG_ENABLE_MODULES = YES;
				CLANG_ENABLE_OBJC_ARC = YES;
				CLANG_WARN_BOOL_CONVERSION = YES;
				CLANG_WARN_CONSTANT_CONVERSION = YES;
				CLANG_WARN_DIRECT_OBJC_ISA_USAGE = YES_ERROR;
				CLANG_WARN_EMPTY_BODY = YES;
				CLANG_WARN_ENUM_CONVERSION = YES;
				CLANG_WARN_INT_CONVERSION = YES;
				CLANG_WARN_OBJC_ROOT_CLASS = YES_ERROR;
				CLANG_WARN_UNREACHABLE_CODE = YES;
				CLANG_WARN__DUPLICATE_METHOD_MATCH = YES;
				"CODE_SIGN_IDENTITY[sdk=iphoneos*]" = "iPhone Developer";
				COPY_PHASE_STRIP = NO;
				DEBUG_INFORMATION_FORMAT = dwarf;
				ENABLE_STRICT_OBJC_MSGSEND = YES;
				ENABLE_TESTABILITY = YES;
				GCC_C_LANGUAGE_STANDARD = gnu99;
				GCC_DYNAMIC_NO_PIC = NO;
				GCC_NO_COMMON_BLOCKS = YES;
				GCC_OPTIMIZATION_LEVEL = 0;
				GCC_PREPROCESSOR_DEFINITIONS = (
					"DEBUG=1",
					"$(inherited)",
				);
				GCC_WARN_64_TO_32_BIT_CONVERSION = YES;
				GCC_WARN_ABOUT_RETURN_TYPE = YES_ERROR;
				GCC_WARN_UNDECLARED_SELECTOR = YES;
				GCC_WARN_UNINITIALIZED_AUTOS = YES_AGGRESSIVE;
				GCC_WARN_UNUSED_FUNCTION = YES;
				GCC_WARN_UNUSED_VARIABLE = YES;
				IPHONEOS_DEPLOYMENT_TARGET = 9.0;
				MTL_ENABLE_DEBUG_INFO = YES;
				ONLY_ACTIVE_ARCH = YES;
				SDKROOT = iphoneos;
				TARGETED_DEVICE_FAMILY = "1,2";
			};
			name = Debug;
		};
		E439F29A1BB8DFF1003904B9 /* Release */ = {
			isa = XCBuildConfiguration;
			buildSettings = {
				ALWAYS_SEARCH_USER_PATHS = NO;
				CLANG_CXX_LANGUAGE_STANDARD = "gnu++0x";
				CLANG_CXX_LIBRARY = "libc++";
				CLANG_ENABLE_MODULES = YES;
				CLANG_ENABLE_OBJC_ARC = YES;
				CLANG_WARN_BOOL_CONVERSION = YES;
				CLANG_WARN_CONSTANT_CONVERSION = YES;
				CLANG_WARN_DIRECT_OBJC_ISA_USAGE = YES_ERROR;
				CLANG_WARN_EMPTY_BODY = YES;
				CLANG_WARN_ENUM_CONVERSION = YES;
				CLANG_WARN_INT_CONVERSION = YES;
				CLANG_WARN_OBJC_ROOT_CLASS = YES_ERROR;
				CLANG_WARN_UNREACHABLE_CODE = YES;
				CLANG_WARN__DUPLICATE_METHOD_MATCH = YES;
				"CODE_SIGN_IDENTITY[sdk=iphoneos*]" = "iPhone Developer";
				COPY_PHASE_STRIP = NO;
				DEBUG_INFORMATION_FORMAT = "dwarf-with-dsym";
				ENABLE_NS_ASSERTIONS = NO;
				ENABLE_STRICT_OBJC_MSGSEND = YES;
				GCC_C_LANGUAGE_STANDARD = gnu99;
				GCC_NO_COMMON_BLOCKS = YES;
				GCC_WARN_64_TO_32_BIT_CONVERSION = YES;
				GCC_WARN_ABOUT_RETURN_TYPE = YES_ERROR;
				GCC_WARN_UNDECLARED_SELECTOR = YES;
				GCC_WARN_UNINITIALIZED_AUTOS = YES_AGGRESSIVE;
				GCC_WARN_UNUSED_FUNCTION = YES;
				GCC_WARN_UNUSED_VARIABLE = YES;
				IPHONEOS_DEPLOYMENT_TARGET = 9.0;
				MTL_ENABLE_DEBUG_INFO = NO;
				SDKROOT = iphoneos;
				TARGETED_DEVICE_FAMILY = "1,2";
				VALIDATE_PRODUCT = YES;
			};
			name = Release;
		};
		E439F29C1BB8DFF1003904B9 /* Debug */ = {
			isa = XCBuildConfiguration;
			buildSettings = {
				ASSETCATALOG_COMPILER_APPICON_NAME = AppIcon;
				INFOPLIST_FILE = akenc_ios_learn_01/Info.plist;
				LD_RUNPATH_SEARCH_PATHS = "$(inherited) @executable_path/Frameworks";
				PRODUCT_BUNDLE_IDENTIFIER = "com.akenc.game.akenc-ios-learn-01";
				PRODUCT_NAME = "$(TARGET_NAME)";
			};
			name = Debug;
		};
		E439F29D1BB8DFF1003904B9 /* Release */ = {
			isa = XCBuildConfiguration;
			buildSettings = {
				ASSETCATALOG_COMPILER_APPICON_NAME = AppIcon;
				INFOPLIST_FILE = akenc_ios_learn_01/Info.plist;
				LD_RUNPATH_SEARCH_PATHS = "$(inherited) @executable_path/Frameworks";
				PRODUCT_BUNDLE_IDENTIFIER = "com.akenc.game.akenc-ios-learn-01";
				PRODUCT_NAME = "$(TARGET_NAME)";
			};
			name = Release;
		};
		E439F29F1BB8DFF1003904B9 /* Debug */ = {
			isa = XCBuildConfiguration;
			buildSettings = {
				BUNDLE_LOADER = "$(TEST_HOST)";
				INFOPLIST_FILE = akenc_ios_learn_01Tests/Info.plist;
				LD_RUNPATH_SEARCH_PATHS = "$(inherited) @executable_path/Frameworks @loader_path/Frameworks";
				PRODUCT_BUNDLE_IDENTIFIER = "com.akenc.game.akenc-ios-learn-01Tests";
				PRODUCT_NAME = "$(TARGET_NAME)";
				TEST_HOST = "$(BUILT_PRODUCTS_DIR)/akenc_ios_learn_01.app/akenc_ios_learn_01";
			};
			name = Debug;
		};
		E439F2A01BB8DFF1003904B9 /* Release */ = {
			isa = XCBuildConfiguration;
			buildSettings = {
				BUNDLE_LOADER = "$(TEST_HOST)";
				INFOPLIST_FILE = akenc_ios_learn_01Tests/Info.plist;
				LD_RUNPATH_SEARCH_PATHS = "$(inherited) @executable_path/Frameworks @loader_path/Frameworks";
				PRODUCT_BUNDLE_IDENTIFIER = "com.akenc.game.akenc-ios-learn-01Tests";
				PRODUCT_NAME = "$(TARGET_NAME)";
				TEST_HOST = "$(BUILT_PRODUCTS_DIR)/akenc_ios_learn_01.app/akenc_ios_learn_01";
			};
			name = Release;
		};
		E439F2A21BB8DFF1003904B9 /* Debug */ = {
			isa = XCBuildConfiguration;
			buildSettings = {
				INFOPLIST_FILE = akenc_ios_learn_01UITests/Info.plist;
				LD_RUNPATH_SEARCH_PATHS = "$(inherited) @executable_path/Frameworks @loader_path/Frameworks";
				PRODUCT_BUNDLE_IDENTIFIER = "com.akenc.game.akenc-ios-learn-01UITests";
				PRODUCT_NAME = "$(TARGET_NAME)";
				TEST_TARGET_NAME = akenc_ios_learn_01;
				USES_XCTRUNNER = YES;
			};
			name = Debug;
		};
		E439F2A31BB8DFF1003904B9 /* Release */ = {
			isa = XCBuildConfiguration;
			buildSettings = {
				INFOPLIST_FILE = akenc_ios_learn_01UITests/Info.plist;
				LD_RUNPATH_SEARCH_PATHS = "$(inherited) @executable_path/Frameworks @loader_path/Frameworks";
				PRODUCT_BUNDLE_IDENTIFIER = "com.akenc.game.akenc-ios-learn-01UITests";
				PRODUCT_NAME = "$(TARGET_NAME)";
				TEST_TARGET_NAME = akenc_ios_learn_01;
				USES_XCTRUNNER = YES;
			};
			name = Release;
		};
/* End XCBuildConfiguration section */

/* Begin XCConfigurationList section */
		E439F2691BB8DFF0003904B9 /* Build configuration list for PBXProject "akenc_ios_learn_01" */ = {
			isa = XCConfigurationList;
			buildConfigurations = (
				E439F2991BB8DFF1003904B9 /* Debug */,
				E439F29A1BB8DFF1003904B9 /* Release */,
			);
			defaultConfigurationIsVisible = 0;
			defaultConfigurationName = Release;
		};
		E439F29B1BB8DFF1003904B9 /* Build configuration list for PBXNativeTarget "akenc_ios_learn_01" */ = {
			isa = XCConfigurationList;
			buildConfigurations = (
				E439F29C1BB8DFF1003904B9 /* Debug */,
				E439F29D1BB8DFF1003904B9 /* Release */,
			);
			defaultConfigurationIsVisible = 0;
		};
		E439F29E1BB8DFF1003904B9 /* Build configuration list for PBXNativeTarget "akenc_ios_learn_01Tests" */ = {
			isa = XCConfigurationList;
			buildConfigurations = (
				E439F29F1BB8DFF1003904B9 /* Debug */,
				E439F2A01BB8DFF1003904B9 /* Release */,
			);
			defaultConfigurationIsVisible = 0;
		};
		E439F2A11BB8DFF1003904B9 /* Build configuration list for PBXNativeTarget "akenc_ios_learn_01UITests" */ = {
			isa = XCConfigurationList;
			buildConfigurations = (
				E439F2A21BB8DFF1003904B9 /* Debug */,
				E439F2A31BB8DFF1003904B9 /* Release */,
			);
			defaultConfigurationIsVisible = 0;
		};
/* End XCConfigurationList section */
	};
	rootObject = E439F2661BB8DFF0003904B9 /* Project object */;
}
